
Microsoft Visual Studio Solution File, Format Version 12.00
# Visual Studio Version 17
VisualStudioVersion = 17.11.35222.181
MinimumVisualStudioVersion = 10.0.40219.1
Project("{FAE04EC0-301F-11D3-BF4B-00C04F79EFBC}") = "Promillerechner", "Promillerechner.csproj", "{970B0727-C3A3-4CF7-8586-CFAC72914499}"
EndProject
Global
	GlobalSection(SolutionConfigurationPlatforms) = preSolution
		Debug|Any CPU = Debug|Any CPU
		Release|Any CPU = Release|Any CPU
	EndGlobalSection
	GlobalSection(ProjectConfigurationPlatforms) = postSolution
		{970B0727-C3A3-4CF7-8586-CFAC72914499}.Debug|Any CPU.ActiveCfg = Debug|Any CPU
		{970B0727-C3A3-4CF7-8586-CFAC72914499}.Debug|Any CPU.Build.0 = Debug|Any CPU
		{970B0727-C3A3-4CF7-8586-CFAC72914499}.Release|Any CPU.ActiveCfg = Release|Any CPU
		{970B0727-C3A3-4CF7-8586-CFAC72914499}.Release|Any CPU.Build.0 = Release|Any CPU
	EndGlobalSection
	GlobalSection(SolutionProperties) = preSolution
		HideSolutionNode = FALSE
	EndGlobalSection
	GlobalSection(ExtensibilityGlobals) = postSolution
		SolutionGuid = {A7FC5675-D102-4133-BADB-34BFB78B9946}
	EndGlobalSection
EndGlobal
